{
  "name": "japanese-verb-conjugator",
  "version": "1.0.0",
  "lockfileVersion": 1,
  "requires": true,
  "dependencies": {
    "karma-requirejs": {
      "version": "1.1.0",
      "resolved": "https://registry.npmjs.org/karma-requirejs/-/karma-requirejs-1.1.0.tgz",
      "integrity": "sha1-/driy4fX68FvsCIok1ZNf+5Xh5g=",
      "dev": true
    },
    "karma-safari-launcher": {
      "version": "1.0.0",
      "resolved": "https://registry.npmjs.org/karma-safari-launcher/-/karma-safari-launcher-1.0.0.tgz",
      "integrity": "sha1-lpgqLMR9BmquccVTursoMZEVos4=",
      "dev": true
    }
  }
}
